
Microsoft Visual Studio Solution File, Format Version 12.00
# Visual Studio Version 17
VisualStudioVersion = 17.0.32014.148
MinimumVisualStudioVersion = 10.0.40219.1
Project("{FAE04EC0-301F-11D3-BF4B-00C04F79EFBC}") = "GenerateAvatarWithName", "GenerateAvatarWithName.csproj", "{2775E5AF-BC12-419D-96A0-74CB1754B5EB}"
EndProject
Global
	GlobalSection(SolutionConfigurationPlatforms) = preSolution
		Debug|Any CPU = Debug|Any CPU
		Release|Any CPU = Release|Any CPU
	EndGlobalSection
	GlobalSection(ProjectConfigurationPlatforms) = postSolution
		{2775E5AF-BC12-419D-96A0-74CB1754B5EB}.Debug|Any CPU.ActiveCfg = Debug|Any CPU
		{2775E5AF-BC12-419D-96A0-74CB1754B5EB}.Debug|Any CPU.Build.0 = Debug|Any CPU
		{2775E5AF-BC12-419D-96A0-74CB1754B5EB}.Release|Any CPU.ActiveCfg = Release|Any CPU
		{2775E5AF-BC12-419D-96A0-74CB1754B5EB}.Release|Any CPU.Build.0 = Release|Any CPU
	EndGlobalSection
	GlobalSection(SolutionProperties) = preSolution
		HideSolutionNode = FALSE
	EndGlobalSection
	GlobalSection(ExtensibilityGlobals) = postSolution
		SolutionGuid = {6C4BB86C-7698-4073-B14F-79C1C086AFFE}
	EndGlobalSection
EndGlobal
